{
  "nodes": {
    "ani2xcursor": {
      "inputs": {
        "nixpkgs": [
          "nixpkgs"
        ]
      },
      "locked": {
        "lastModified": 1772624376,
        "narHash": "sha256-fMj4aKCP6dym1DLRzpo63P6mfcj7bftLjj+fMd9tbZQ=",
        "ref": "refs/heads/main",
        "rev": "938bda0563799da4bbd406cb27e27393a5ea0cc5",
        "revCount": 52,
        "type": "git",
        "url": "ssh://git@github.com/yuzujr/ani2xcursor"
      },
      "original": {
        "type": "git",
        "url": "ssh://git@github.com/yuzujr/ani2xcursor"
      }
    },
    "coomer": {
      "inputs": {
        "nixpkgs": [
          "nixpkgs"
        ]
      },
      "locked": {
        "lastModified": 1772622483,
        "narHash": "sha256-5JxjJAS1e8/UOJYOz88gXNcX0U1WE+Wm214gw702FY0=",
        "ref": "refs/heads/main",
        "rev": "7b1368ba1ab4750192bd568963d9ce98f2c02a12",
        "revCount": 20,
        "type": "git",
        "url": "ssh://git@github.com/yuzujr/coomer"
      },
      "original": {
        "type": "git",
        "url": "ssh://git@github.com/yuzujr/coomer"
      }
    },
    "drcom-client-cpp": {
      "inputs": {
        "nixpkgs": [
          "nixpkgs"
        ]
      },
      "locked": {
        "lastModified": 1772622488,
        "narHash": "sha256-1cE4gob6pEY+OoXkeFSTS/VdLeo4iFzCQOK3Q69DER0=",
        "ref": "refs/heads/main",
        "rev": "ccc3ed16641365c0915e125a9e5747d8549a9df1",
        "revCount": 25,
        "type": "git",
        "url": "ssh://git@github.com/yuzujr/drcom-client-cpp"
      },
      "original": {
        "type": "git",
        "url": "ssh://git@github.com/yuzujr/drcom-client-cpp"
      }
    },
    "flake-parts": {
      "inputs": {
        "nixpkgs-lib": [
          "neovim-nightly",
          "nixpkgs"
        ]
      },
      "locked": {
        "lastModified": 1772408722,
        "narHash": "sha256-rHuJtdcOjK7rAHpHphUb1iCvgkU3GpfvicLMwwnfMT0=",
        "owner": "hercules-ci",
        "repo": "flake-parts",
        "rev": "f20dc5d9b8027381c474144ecabc9034d6a839a3",
        "type": "github"
      },
      "original": {
        "owner": "hercules-ci",
        "repo": "flake-parts",
        "type": "github"
      }
    },
    "flake-parts_2": {
      "inputs": {
        "nixpkgs-lib": [
          "nur",
          "nixpkgs"
        ]
      },
      "locked": {
        "lastModified": 1733312601,
        "narHash": "sha256-4pDvzqnegAfRkPwO3wmwBhVi/Sye1mzps0zHWYnP88c=",
        "owner": "hercules-ci",
        "repo": "flake-parts",
        "rev": "205b12d8b7cd4802fbcb8e8ef6a0f1408781a4f9",
        "type": "github"
      },
      "original": {
        "owner": "hercules-ci",
        "repo": "flake-parts",
        "type": "github"
      }
    },
    "neovim-nightly": {
      "inputs": {
        "flake-parts": "flake-parts",
        "neovim-src": "neovim-src",
        "nixpkgs": [
          "nixpkgs"
        ]
      },
      "locked": {
        "lastModified": 1772496284,
        "narHash": "sha256-pDGgYqXFU5cY1Jn11R7N/Q6DFazg6CQq8KDlqvyl/XE=",
        "owner": "nix-community",
        "repo": "neovim-nightly-overlay",
        "rev": "fc9e6626baffb5b577810269713aedc37e95ef60",
        "type": "github"
      },
      "original": {
        "owner": "nix-community",
        "repo": "neovim-nightly-overlay",
        "type": "github"
      }
    },
    "neovim-src": {
      "flake": false,
      "locked": {
        "lastModified": 1772473891,
        "narHash": "sha256-E/0dAqFsUm4DggmHBl8rfI67yK227RXpzbEkZ7729bM=",
        "owner": "neovim",
        "repo": "neovim",
        "rev": "a8361c3afc5b9281814e9f16a9d4291e095b38fa",
        "type": "github"
      },
      "original": {
        "owner": "neovim",
        "repo": "neovim",
        "type": "github"
      }
    },
    "nixpkgs": {
      "locked": {
        "lastModified": 1772542754,
        "narHash": "sha256-WGV2hy+VIeQsYXpsLjdr4GvHv5eECMISX1zKLTedhdg=",
        "owner": "nixos",
        "repo": "nixpkgs",
        "rev": "8c809a146a140c5c8806f13399592dbcb1bb5dc4",
        "type": "github"
      },
      "original": {
        "owner": "nixos",
        "ref": "nixos-unstable",
        "repo": "nixpkgs",
        "type": "github"
      }
    },
    "nur": {
      "inputs": {
        "flake-parts": "flake-parts_2",
        "nixpkgs": [
          "nixpkgs"
        ]
      },
      "locked": {
        "lastModified": 1772623356,
        "narHash": "sha256-h4A1FGBEQaAgfsHwQnLRh5sws92M9RNwHwWAP9QywUI=",
        "owner": "nix-community",
        "repo": "NUR",
        "rev": "3dccd5c1a41acc2074cc1c628f7a33796cd013ef",
        "type": "github"
      },
      "original": {
        "owner": "nix-community",
        "repo": "NUR",
        "type": "github"
      }
    },
    "root": {
      "inputs": {
        "ani2xcursor": "ani2xcursor",
        "coomer": "coomer",
        "drcom-client-cpp": "drcom-client-cpp",
        "neovim-nightly": "neovim-nightly",
        "nixpkgs": "nixpkgs",
        "nur": "nur"
      }
    }
  },
  "root": "root",
  "version": 7
}
